// !$*UTF8*$!
{
	archiveVersion = 1;
	classes = {
	};
	objectVersion = 55;
	objects = {

/* Begin PBXBuildFile section */
		5BA17167273E070C007D1F24 /* main.swift in Sources */ = {isa = PBXBuildFile; fileRef = 5BA17166273E070C007D1F24 /* main.swift */; };
		5BA1716E273E0919007D1F24 /* p12910.swift in Sources */ = {isa = PBXBuildFile; fileRef = 5BA1716D273E0919007D1F24 /* p12910.swift */; };
		5BA17170273E293E007D1F24 /* p68644.swift in Sources */ = {isa = PBXBuildFile; fileRef = 5BA1716F273E293E007D1F24 /* p68644.swift */; };
		5BA17172273E2959007D1F24 /* p12928.swift in Sources */ = {isa = PBXBuildFile; fileRef = 5BA17171273E2959007D1F24 /* p12928.swift */; };
		5BA17174273E2979007D1F24 /* p64061.swift in Sources */ = {isa = PBXBuildFile; fileRef = 5BA17173273E2979007D1F24 /* p64061.swift */; };
		5BA17176273E40B3007D1F24 /* p12901.swift in Sources */ = {isa = PBXBuildFile; fileRef = 5BA17175273E40B3007D1F24 /* p12901.swift */; };
		5BA17178273E40CC007D1F24 /* p42840.swift in Sources */ = {isa = PBXBuildFile; fileRef = 5BA17177273E40CC007D1F24 /* p42840.swift */; };
/* End PBXBuildFile section */

/* Begin PBXCopyFilesBuildPhase section */
		5BA17161273E070B007D1F24 /* CopyFiles */ = {
			isa = PBXCopyFilesBuildPhase;
			buildActionMask = 2147483647;
			dstPath = /usr/share/man/man1/;
			dstSubfolderSpec = 0;
			files = (
			);
			runOnlyForDeploymentPostprocessing = 1;
		};
/* End PBXCopyFilesBuildPhase section */

/* Begin PBXFileReference section */
		5BA17163273E070C007D1F24 /* 2Weak-Algorithm */ = {isa = PBXFileReference; explicitFileType = "compiled.mach-o.executable"; includeInIndex = 0; path = "2Weak-Algorithm"; sourceTree = BUILT_PRODUCTS_DIR; };
		5BA17166273E070C007D1F24 /* main.swift */ = {isa = PBXFileReference; lastKnownFileType = sourcecode.swift; path = main.swift; sourceTree = "<group>"; };
		5BA1716D273E0919007D1F24 /* p12910.swift */ = {isa = PBXFileReference; lastKnownFileType = sourcecode.swift; path = p12910.swift; sourceTree = "<group>"; };
		5BA1716F273E293E007D1F24 /* p68644.swift */ = {isa = PBXFileReference; lastKnownFileType = sourcecode.swift; path = p68644.swift; sourceTree = "<group>"; };
		5BA17171273E2959007D1F24 /* p12928.swift */ = {isa = PBXFileReference; lastKnownFileType = sourcecode.swift; path = p12928.swift; sourceTree = "<group>"; };
		5BA17173273E2979007D1F24 /* p64061.swift */ = {isa = PBXFileReference; lastKnownFileType = sourcecode.swift; path = p64061.swift; sourceTree = "<group>"; };
		5BA17175273E40B3007D1F24 /* p12901.swift */ = {isa = PBXFileReference; lastKnownFileType = sourcecode.swift; path = p12901.swift; sourceTree = "<group>"; };
		5BA17177273E40CC007D1F24 /* p42840.swift */ = {isa = PBXFileReference; lastKnownFileType = sourcecode.swift; path = p42840.swift; sourceTree = "<group>"; };
/* End PBXFileReference section */

/* Begin PBXFrameworksBuildPhase section */
		5BA17160273E070B007D1F24 /* Frameworks */ = {
			isa = PBXFrameworksBuildPhase;
			buildActionMask = 2147483647;
			files = (
			);
			runOnlyForDeploymentPostprocessing = 0;
		};
/* End PBXFrameworksBuildPhase section */

/* Begin PBXGroup section */
		5BA1715A273E070B007D1F24 = {
			isa = PBXGroup;
			children = (
				5BA17165273E070C007D1F24 /* 2Weak-Algorithm */,
				5BA17164273E070C007D1F24 /* Products */,
			);
			sourceTree = "<group>";
		};
		5BA17164273E070C007D1F24 /* Products */ = {
			isa = PBXGroup;
			children = (
				5BA17163273E070C007D1F24 /* 2Weak-Algorithm */,
			);
			name = Products;
			sourceTree = "<group>";
		};
		5BA17165273E070C007D1F24 /* 2Weak-Algorithm */ = {
			isa = PBXGroup;
			children = (
				5BA17166273E070C007D1F24 /* main.swift */,
				5BA17171273E2959007D1F24 /* p12928.swift */,
				5BA1716F273E293E007D1F24 /* p68644.swift */,
				5BA17177273E40CC007D1F24 /* p42840.swift */,
				5BA17175273E40B3007D1F24 /* p12901.swift */,
				5BA17173273E2979007D1F24 /* p64061.swift */,
				5BA1716D273E0919007D1F24 /* p12910.swift */,
			);
			path = "2Weak-Algorithm";
			sourceTree = "<group>";
		};
/* End PBXGroup section */

/* Begin PBXNativeTarget section */
		5BA17162273E070B007D1F24 /* 2Weak-Algorithm */ = {
			isa = PBXNativeTarget;
			buildConfigurationList = 5BA1716A273E070C007D1F24 /* Build configuration list for PBXNativeTarget "2Weak-Algorithm" */;
			buildPhases = (
				5BA1715F273E070B007D1F24 /* Sources */,
				5BA17160273E070B007D1F24 /* Frameworks */,
				5BA17161273E070B007D1F24 /* CopyFiles */,
			);
			buildRules = (
			);
			dependencies = (
			);
			name = "2Weak-Algorithm";
			productName = "2Weak-Algorithm";
			productReference = 5BA17163273E070C007D1F24 /* 2Weak-Algorithm */;
			productType = "com.apple.product-type.tool";
		};
/* End PBXNativeTarget section */

/* Begin PBXProject section */
		5BA1715B273E070B007D1F24 /* Project object */ = {
			isa = PBXProject;
			attributes = {
				BuildIndependentTargetsInParallel = 1;
				LastSwiftUpdateCheck = 1310;
				LastUpgradeCheck = 1310;
				TargetAttributes = {
					5BA17162273E070B007D1F24 = {
						CreatedOnToolsVersion = 13.1;
					};
				};
			};
			buildConfigurationList = 5BA1715E273E070B007D1F24 /* Build configuration list for PBXProject "2Weak-Algorithm" */;
			compatibilityVersion = "Xcode 13.0";
			developmentRegion = en;
			hasScannedForEncodings = 0;
			knownRegions = (
				en,
				Base,
			);
			mainGroup = 5BA1715A273E070B007D1F24;
			productRefGroup = 5BA17164273E070C007D1F24 /* Products */;
			projectDirPath = "";
			projectRoot = "";
			targets = (
				5BA17162273E070B007D1F24 /* 2Weak-Algorithm */,
			);
		};
/* End PBXProject section */

/* Begin PBXSourcesBuildPhase section */
		5BA1715F273E070B007D1F24 /* Sources */ = {
			isa = PBXSourcesBuildPhase;
			buildActionMask = 2147483647;
			files = (
				5BA17170273E293E007D1F24 /* p68644.swift in Sources */,
				5BA17172273E2959007D1F24 /* p12928.swift in Sources */,
				5BA17176273E40B3007D1F24 /* p12901.swift in Sources */,
				5BA1716E273E0919007D1F24 /* p12910.swift in Sources */,
				5BA17178273E40CC007D1F24 /* p42840.swift in Sources */,
				5BA17167273E070C007D1F24 /* main.swift in Sources */,
				5BA17174273E2979007D1F24 /* p64061.swift in Sources */,
			);
			runOnlyForDeploymentPostprocessing = 0;
		};
/* End PBXSourcesBuildPhase section */

/* Begin XCBuildConfiguration section */
		5BA17168273E070C007D1F24 /* Debug */ = {
			isa = XCBuildConfiguration;
			buildSettings = {
				ALWAYS_SEARCH_USER_PATHS = NO;
				CLANG_ANALYZER_NONNULL = YES;
				CLANG_ANALYZER_NUMBER_OBJECT_CONVERSION = YES_AGGRESSIVE;
				CLANG_CXX_LANGUAGE_STANDARD = "gnu++17";
				CLANG_CXX_LIBRARY = "libc++";
				CLANG_ENABLE_MODULES = YES;
				CLANG_ENABLE_OBJC_ARC = YES;
				CLANG_ENABLE_OBJC_WEAK = YES;
				CLANG_WARN_BLOCK_CAPTURE_AUTORELEASING = YES;
				CLANG_WARN_BOOL_CONVERSION = YES;
				CLANG_WARN_COMMA = YES;
				CLANG_WARN_CONSTANT_CONVERSION = YES;
				CLANG_WARN_DEPRECATED_OBJC_IMPLEMENTATIONS = YES;
				CLANG_WARN_DIRECT_OBJC_ISA_USAGE = YES_ERROR;
				CLANG_WARN_DOCUMENTATION_COMMENTS = YES;
				CLANG_WARN_EMPTY_BODY = YES;
				CLANG_WARN_ENUM_CONVERSION = YES;
				CLANG_WARN_INFINITE_RECURSION = YES;
				CLANG_WARN_INT_CONVERSION = YES;
				CLANG_WARN_NON_LITERAL_NULL_CONVERSION = YES;
				CLANG_WARN_OBJC_IMPLICIT_RETAIN_SELF = YES;
				CLANG_WARN_OBJC_LITERAL_CONVERSION = YES;
				CLANG_WARN_OBJC_ROOT_CLASS = YES_ERROR;
				CLANG_WARN_QUOTED_INCLUDE_IN_FRAMEWORK_HEADER = YES;
				CLANG_WARN_RANGE_LOOP_ANALYSIS = YES;
				CLANG_WARN_STRICT_PROTOTYPES = YES;
				CLANG_WARN_SUSPICIOUS_MOVE = YES;
				CLANG_WARN_UNGUARDED_AVAILABILITY = YES_AGGRESSIVE;
				CLANG_WARN_UNREACHABLE_CODE = YES;
				CLANG_WARN__DUPLICATE_METHOD_MATCH = YES;
				COPY_PHASE_STRIP = NO;
				DEBUG_INFORMATION_FORMAT = dwarf;
				ENABLE_STRICT_OBJC_MSGSEND = YES;
				ENABLE_TESTABILITY = YES;
				GCC_C_LANGUAGE_STANDARD = gnu11;
				GCC_DYNAMIC_NO_PIC = NO;
				GCC_NO_COMMON_BLOCKS = YES;
				GCC_OPTIMIZATION_LEVEL = 0;
				GCC_PREPROCESSOR_DEFINITIONS = (
					"DEBUG=1",
					"$(inherited)",
				);
				GCC_WARN_64_TO_32_BIT_CONVERSION = YES;
				GCC_WARN_ABOUT_RETURN_TYPE = YES_ERROR;
				GCC_WARN_UNDECLARED_SELECTOR = YES;
				GCC_WARN_UNINITIALIZED_AUTOS = YES_AGGRESSIVE;
				GCC_WARN_UNUSED_FUNCTION = YES;
				GCC_WARN_UNUSED_VARIABLE = YES;
				MACOSX_DEPLOYMENT_TARGET = 11.6;
				MTL_ENABLE_DEBUG_INFO = INCLUDE_SOURCE;
				MTL_FAST_MATH = YES;
				ONLY_ACTIVE_ARCH = YES;
				SDKROOT = macosx;
				SWIFT_ACTIVE_COMPILATION_CONDITIONS = DEBUG;
				SWIFT_OPTIMIZATION_LEVEL = "-Onone";
			};
			name = Debug;
		};
		5BA17169273E070C007D1F24 /* Release */ = {
			isa = XCBuildConfiguration;
			buildSettings = {
				ALWAYS_SEARCH_USER_PATHS = NO;
				CLANG_ANALYZER_NONNULL = YES;
				CLANG_ANALYZER_NUMBER_OBJECT_CONVERSION = YES_AGGRESSIVE;
				CLANG_CXX_LANGUAGE_STANDARD = "gnu++17";
				CLANG_CXX_LIBRARY = "libc++";
				CLANG_ENABLE_MODULES = YES;
				CLANG_ENABLE_OBJC_ARC = YES;
				CLANG_ENABLE_OBJC_WEAK = YES;
				CLANG_WARN_BLOCK_CAPTURE_AUTORELEASING = YES;
				CLANG_WARN_BOOL_CONVERSION = YES;
				CLANG_WARN_COMMA = YES;
				CLANG_WARN_CONSTANT_CONVERSION = YES;
				CLANG_WARN_DEPRECATED_OBJC_IMPLEMENTATIONS = YES;
				CLANG_WARN_DIRECT_OBJC_ISA_USAGE = YES_ERROR;
				CLANG_WARN_DOCUMENTATION_COMMENTS = YES;
				CLANG_WARN_EMPTY_BODY = YES;
				CLANG_WARN_ENUM_CONVERSION = YES;
				CLANG_WARN_INFINITE_RECURSION = YES;
				CLANG_WARN_INT_CONVERSION = YES;
				CLANG_WARN_NON_LITERAL_NULL_CONVERSION = YES;
				CLANG_WARN_OBJC_IMPLICIT_RETAIN_SELF = YES;
				CLANG_WARN_OBJC_LITERAL_CONVERSION = YES;
				CLANG_WARN_OBJC_ROOT_CLASS = YES_ERROR;
				CLANG_WARN_QUOTED_INCLUDE_IN_FRAMEWORK_HEADER = YES;
				CLANG_WARN_RANGE_LOOP_ANALYSIS = YES;
				CLANG_WARN_STRICT_PROTOTYPES = YES;
				CLANG_WARN_SUSPICIOUS_MOVE = YES;
				CLANG_WARN_UNGUARDED_AVAILABILITY = YES_AGGRESSIVE;
				CLANG_WARN_UNREACHABLE_CODE = YES;
				CLANG_WARN__DUPLICATE_METHOD_MATCH = YES;
				COPY_PHASE_STRIP = NO;
				DEBUG_INFORMATION_FORMAT = "dwarf-with-dsym";
				ENABLE_NS_ASSERTIONS = NO;
				ENABLE_STRICT_OBJC_MSGSEND = YES;
				GCC_C_LANGUAGE_STANDARD = gnu11;
				GCC_NO_COMMON_BLOCKS = YES;
				GCC_WARN_64_TO_32_BIT_CONVERSION = YES;
				GCC_WARN_ABOUT_RETURN_TYPE = YES_ERROR;
				GCC_WARN_UNDECLARED_SELECTOR = YES;
				GCC_WARN_UNINITIALIZED_AUTOS = YES_AGGRESSIVE;
				GCC_WARN_UNUSED_FUNCTION = YES;
				GCC_WARN_UNUSED_VARIABLE = YES;
				MACOSX_DEPLOYMENT_TARGET = 11.6;
				MTL_ENABLE_DEBUG_INFO = NO;
				MTL_FAST_MATH = YES;
				SDKROOT = macosx;
				SWIFT_COMPILATION_MODE = wholemodule;
				SWIFT_OPTIMIZATION_LEVEL = "-O";
			};
			name = Release;
		};
		5BA1716B273E070C007D1F24 /* Debug */ = {
			isa = XCBuildConfiguration;
			buildSettings = {
				CODE_SIGN_STYLE = Automatic;
				PRODUCT_NAME = "$(TARGET_NAME)";
				SWIFT_VERSION = 5.0;
			};
			name = Debug;
		};
		5BA1716C273E070C007D1F24 /* Release */ = {
			isa = XCBuildConfiguration;
			buildSettings = {
				CODE_SIGN_STYLE = Automatic;
				PRODUCT_NAME = "$(TARGET_NAME)";
				SWIFT_VERSION = 5.0;
			};
			name = Release;
		};
/* End XCBuildConfiguration section */

/* Begin XCConfigurationList section */
		5BA1715E273E070B007D1F24 /* Build configuration list for PBXProject "2Weak-Algorithm" */ = {
			isa = XCConfigurationList;
			buildConfigurations = (
				5BA17168273E070C007D1F24 /* Debug */,
				5BA17169273E070C007D1F24 /* Release */,
			);
			defaultConfigurationIsVisible = 0;
			defaultConfigurationName = Release;
		};
		5BA1716A273E070C007D1F24 /* Build configuration list for PBXNativeTarget "2Weak-Algorithm" */ = {
			isa = XCConfigurationList;
			buildConfigurations = (
				5BA1716B273E070C007D1F24 /* Debug */,
				5BA1716C273E070C007D1F24 /* Release */,
			);
			defaultConfigurationIsVisible = 0;
			defaultConfigurationName = Release;
		};
/* End XCConfigurationList section */
	};
	rootObject = 5BA1715B273E070B007D1F24 /* Project object */;
}
